
Microsoft Visual Studio Solution File, Format Version 12.00
# Visual Studio Version 17
VisualStudioVersion = 17.0.32112.339
MinimumVisualStudioVersion = 10.0.40219.1
Project("{9A19103F-16F7-4668-BE54-9A1E7A4F7556}") = "PdfFileType", "PdfFileType\PdfFileType.csproj", "{1C00DB60-F696-42DF-BB81-CDBEBB981181}"
EndProject
Project("{9A19103F-16F7-4668-BE54-9A1E7A4F7556}") = "PDFiumSharp", "PDFiumSharp\PDFiumSharp\PDFiumSharp.csproj", "{104038F8-4323-4BED-A11D-427780876AE0}"
EndProject
Global
	GlobalSection(SolutionConfigurationPlatforms) = preSolution
		Debug|Any CPU = Debug|Any CPU
		Debug|x64 = Debug|x64
		Release|Any CPU = Release|Any CPU
		Release|x64 = Release|x64
	EndGlobalSection
	GlobalSection(ProjectConfigurationPlatforms) = postSolution
		{1C00DB60-F696-42DF-BB81-CDBEBB981181}.Debug|Any CPU.ActiveCfg = Debug|Any CPU
		{1C00DB60-F696-42DF-BB81-CDBEBB981181}.Debug|Any CPU.Build.0 = Debug|Any CPU
		{1C00DB60-F696-42DF-BB81-CDBEBB981181}.Debug|x64.ActiveCfg = Debug|Any CPU
		{1C00DB60-F696-42DF-BB81-CDBEBB981181}.Debug|x64.Build.0 = Debug|Any CPU
		{1C00DB60-F696-42DF-BB81-CDBEBB981181}.Release|Any CPU.ActiveCfg = Release|Any CPU
		{1C00DB60-F696-42DF-BB81-CDBEBB981181}.Release|Any CPU.Build.0 = Release|Any CPU
		{1C00DB60-F696-42DF-BB81-CDBEBB981181}.Release|x64.ActiveCfg = Release|Any CPU
		{1C00DB60-F696-42DF-BB81-CDBEBB981181}.Release|x64.Build.0 = Release|Any CPU
		{104038F8-4323-4BED-A11D-427780876AE0}.Debug|Any CPU.ActiveCfg = Debug|Any CPU
		{104038F8-4323-4BED-A11D-427780876AE0}.Debug|Any CPU.Build.0 = Debug|Any CPU
		{104038F8-4323-4BED-A11D-427780876AE0}.Debug|x64.ActiveCfg = Debug|x64
		{104038F8-4323-4BED-A11D-427780876AE0}.Debug|x64.Build.0 = Debug|x64
		{104038F8-4323-4BED-A11D-427780876AE0}.Release|Any CPU.ActiveCfg = Release|Any CPU
		{104038F8-4323-4BED-A11D-427780876AE0}.Release|Any CPU.Build.0 = Release|Any CPU
		{104038F8-4323-4BED-A11D-427780876AE0}.Release|x64.ActiveCfg = Release|x64
		{104038F8-4323-4BED-A11D-427780876AE0}.Release|x64.Build.0 = Release|x64
	EndGlobalSection
	GlobalSection(SolutionProperties) = preSolution
		HideSolutionNode = FALSE
	EndGlobalSection
	GlobalSection(ExtensibilityGlobals) = postSolution
		SolutionGuid = {31322621-FEFE-4DD7-AE14-AFA1DB165F6C}
	EndGlobalSection
EndGlobal
